
Microsoft Visual Studio Solution File, Format Version 12.00
# Visual Studio Version 16
VisualStudioVersion = 16.0.31613.86
MinimumVisualStudioVersion = 10.0.40219.1
Project("{9A19103F-16F7-4668-BE54-9A1E7A4F7556}") = "Iterator", "Iterator\Iterator.csproj", "{C3A00DCB-5E61-4930-91CA-BC80C09A580F}"
EndProject
Project("{9A19103F-16F7-4668-BE54-9A1E7A4F7556}") = "Adapter1", "Adapter\Adapter1.csproj", "{242DC43F-D3CD-48F9-82A9-947D59EC261D}"
EndProject
Project("{9A19103F-16F7-4668-BE54-9A1E7A4F7556}") = "Adapter2", "Adapter2\Adapter2.csproj", "{DDBD05A1-3664-4A5B-976F-6A1A43922BE9}"
EndProject
Project("{9A19103F-16F7-4668-BE54-9A1E7A4F7556}") = "TemplateMethod", "Template1method\TemplateMethod.csproj", "{F63D866B-93C3-4415-AA43-1D82BE1F32D9}"
EndProject
Project("{9A19103F-16F7-4668-BE54-9A1E7A4F7556}") = "FactoryMethod", "FactoryMethod\FactoryMethod.csproj", "{B51E6A99-5463-4632-920B-042158CB27F3}"
EndProject
Project("{9A19103F-16F7-4668-BE54-9A1E7A4F7556}") = "Singleton", "Singleton\Singleton.csproj", "{CBD3AC7D-1BD2-41F4-86AB-39FBFC180BC1}"
EndProject
Project("{9A19103F-16F7-4668-BE54-9A1E7A4F7556}") = "Prototype", "Prototype\Prototype.csproj", "{DB2967C3-000A-4DC5-9EB5-8391BE392EE9}"
EndProject
Project("{9A19103F-16F7-4668-BE54-9A1E7A4F7556}") = "Builder", "Builder\Builder.csproj", "{0A24DF94-4E38-41E0-B3E8-518601885DF3}"
EndProject
Project("{9A19103F-16F7-4668-BE54-9A1E7A4F7556}") = "Bridge", "Bridge\Bridge.csproj", "{AB38EFF6-08CE-41F4-A175-00BA7BC8A2B3}"
EndProject
Project("{9A19103F-16F7-4668-BE54-9A1E7A4F7556}") = "Strategy", "Strategy\Strategy.csproj", "{8F507113-26AE-4471-9ED5-6431231F23A8}"
EndProject
Project("{9A19103F-16F7-4668-BE54-9A1E7A4F7556}") = "Decorator", "Decorator\Decorator.csproj", "{B3C46F67-FE06-4CB0-8052-246CF40A120F}"
EndProject
Project("{9A19103F-16F7-4668-BE54-9A1E7A4F7556}") = "Visitor", "Visitor\Visitor.csproj", "{A6710F65-7943-4D8A-A288-6B4DF77DE1DD}"
EndProject
Project("{9A19103F-16F7-4668-BE54-9A1E7A4F7556}") = "ChainofResponsibility", "ChainofResponsibility\ChainofResponsibility.csproj", "{F769CFB4-0D8A-448D-BE16-FAB3F18316E1}"
EndProject
Project("{2150E333-8FDC-42A3-9474-1A3956D46DE8}") = "Solution Items", "Solution Items", "{747167B8-94D8-4106-BAD8-108331A1F7E1}"
	ProjectSection(SolutionItems) = preProject
		.editorconfig = .editorconfig
	EndProjectSection
EndProject
Project("{9A19103F-16F7-4668-BE54-9A1E7A4F7556}") = "Facade", "Facade\Facade.csproj", "{66E1FBC9-DDC3-4F27-B393-1E4F3505271C}"
EndProject
Global
	GlobalSection(SolutionConfigurationPlatforms) = preSolution
		Debug|Any CPU = Debug|Any CPU
		Release|Any CPU = Release|Any CPU
	EndGlobalSection
	GlobalSection(ProjectConfigurationPlatforms) = postSolution
		{C3A00DCB-5E61-4930-91CA-BC80C09A580F}.Debug|Any CPU.ActiveCfg = Debug|Any CPU
		{C3A00DCB-5E61-4930-91CA-BC80C09A580F}.Debug|Any CPU.Build.0 = Debug|Any CPU
		{C3A00DCB-5E61-4930-91CA-BC80C09A580F}.Release|Any CPU.ActiveCfg = Release|Any CPU
		{C3A00DCB-5E61-4930-91CA-BC80C09A580F}.Release|Any CPU.Build.0 = Release|Any CPU
		{242DC43F-D3CD-48F9-82A9-947D59EC261D}.Debug|Any CPU.ActiveCfg = Debug|Any CPU
		{242DC43F-D3CD-48F9-82A9-947D59EC261D}.Debug|Any CPU.Build.0 = Debug|Any CPU
		{242DC43F-D3CD-48F9-82A9-947D59EC261D}.Release|Any CPU.ActiveCfg = Release|Any CPU
		{242DC43F-D3CD-48F9-82A9-947D59EC261D}.Release|Any CPU.Build.0 = Release|Any CPU
		{DDBD05A1-3664-4A5B-976F-6A1A43922BE9}.Debug|Any CPU.ActiveCfg = Debug|Any CPU
		{DDBD05A1-3664-4A5B-976F-6A1A43922BE9}.Debug|Any CPU.Build.0 = Debug|Any CPU
		{DDBD05A1-3664-4A5B-976F-6A1A43922BE9}.Release|Any CPU.ActiveCfg = Release|Any CPU
		{DDBD05A1-3664-4A5B-976F-6A1A43922BE9}.Release|Any CPU.Build.0 = Release|Any CPU
		{F63D866B-93C3-4415-AA43-1D82BE1F32D9}.Debug|Any CPU.ActiveCfg = Debug|Any CPU
		{F63D866B-93C3-4415-AA43-1D82BE1F32D9}.Debug|Any CPU.Build.0 = Debug|Any CPU
		{F63D866B-93C3-4415-AA43-1D82BE1F32D9}.Release|Any CPU.ActiveCfg = Release|Any CPU
		{F63D866B-93C3-4415-AA43-1D82BE1F32D9}.Release|Any CPU.Build.0 = Release|Any CPU
		{B51E6A99-5463-4632-920B-042158CB27F3}.Debug|Any CPU.ActiveCfg = Debug|Any CPU
		{B51E6A99-5463-4632-920B-042158CB27F3}.Debug|Any CPU.Build.0 = Debug|Any CPU
		{B51E6A99-5463-4632-920B-042158CB27F3}.Release|Any CPU.ActiveCfg = Release|Any CPU
		{B51E6A99-5463-4632-920B-042158CB27F3}.Release|Any CPU.Build.0 = Release|Any CPU
		{CBD3AC7D-1BD2-41F4-86AB-39FBFC180BC1}.Debug|Any CPU.ActiveCfg = Debug|Any CPU
		{CBD3AC7D-1BD2-41F4-86AB-39FBFC180BC1}.Debug|Any CPU.Build.0 = Debug|Any CPU
		{CBD3AC7D-1BD2-41F4-86AB-39FBFC180BC1}.Release|Any CPU.ActiveCfg = Release|Any CPU
		{CBD3AC7D-1BD2-41F4-86AB-39FBFC180BC1}.Release|Any CPU.Build.0 = Release|Any CPU
		{DB2967C3-000A-4DC5-9EB5-8391BE392EE9}.Debug|Any CPU.ActiveCfg = Debug|Any CPU
		{DB2967C3-000A-4DC5-9EB5-8391BE392EE9}.Debug|Any CPU.Build.0 = Debug|Any CPU
		{DB2967C3-000A-4DC5-9EB5-8391BE392EE9}.Release|Any CPU.ActiveCfg = Release|Any CPU
		{DB2967C3-000A-4DC5-9EB5-8391BE392EE9}.Release|Any CPU.Build.0 = Release|Any CPU
		{0A24DF94-4E38-41E0-B3E8-518601885DF3}.Debug|Any CPU.ActiveCfg = Debug|Any CPU
		{0A24DF94-4E38-41E0-B3E8-518601885DF3}.Debug|Any CPU.Build.0 = Debug|Any CPU
		{0A24DF94-4E38-41E0-B3E8-518601885DF3}.Release|Any CPU.ActiveCfg = Release|Any CPU
		{0A24DF94-4E38-41E0-B3E8-518601885DF3}.Release|Any CPU.Build.0 = Release|Any CPU
		{AB38EFF6-08CE-41F4-A175-00BA7BC8A2B3}.Debug|Any CPU.ActiveCfg = Debug|Any CPU
		{AB38EFF6-08CE-41F4-A175-00BA7BC8A2B3}.Debug|Any CPU.Build.0 = Debug|Any CPU
		{AB38EFF6-08CE-41F4-A175-00BA7BC8A2B3}.Release|Any CPU.ActiveCfg = Release|Any CPU
		{AB38EFF6-08CE-41F4-A175-00BA7BC8A2B3}.Release|Any CPU.Build.0 = Release|Any CPU
		{8F507113-26AE-4471-9ED5-6431231F23A8}.Debug|Any CPU.ActiveCfg = Debug|Any CPU
		{8F507113-26AE-4471-9ED5-6431231F23A8}.Debug|Any CPU.Build.0 = Debug|Any CPU
		{8F507113-26AE-4471-9ED5-6431231F23A8}.Release|Any CPU.ActiveCfg = Release|Any CPU
		{8F507113-26AE-4471-9ED5-6431231F23A8}.Release|Any CPU.Build.0 = Release|Any CPU
		{B3C46F67-FE06-4CB0-8052-246CF40A120F}.Debug|Any CPU.ActiveCfg = Debug|Any CPU
		{B3C46F67-FE06-4CB0-8052-246CF40A120F}.Debug|Any CPU.Build.0 = Debug|Any CPU
		{B3C46F67-FE06-4CB0-8052-246CF40A120F}.Release|Any CPU.ActiveCfg = Release|Any CPU
		{B3C46F67-FE06-4CB0-8052-246CF40A120F}.Release|Any CPU.Build.0 = Release|Any CPU
		{A6710F65-7943-4D8A-A288-6B4DF77DE1DD}.Debug|Any CPU.ActiveCfg = Debug|Any CPU
		{A6710F65-7943-4D8A-A288-6B4DF77DE1DD}.Debug|Any CPU.Build.0 = Debug|Any CPU
		{A6710F65-7943-4D8A-A288-6B4DF77DE1DD}.Release|Any CPU.ActiveCfg = Release|Any CPU
		{A6710F65-7943-4D8A-A288-6B4DF77DE1DD}.Release|Any CPU.Build.0 = Release|Any CPU
		{F769CFB4-0D8A-448D-BE16-FAB3F18316E1}.Debug|Any CPU.ActiveCfg = Debug|Any CPU
		{F769CFB4-0D8A-448D-BE16-FAB3F18316E1}.Debug|Any CPU.Build.0 = Debug|Any CPU
		{F769CFB4-0D8A-448D-BE16-FAB3F18316E1}.Release|Any CPU.ActiveCfg = Release|Any CPU
		{F769CFB4-0D8A-448D-BE16-FAB3F18316E1}.Release|Any CPU.Build.0 = Release|Any CPU
		{66E1FBC9-DDC3-4F27-B393-1E4F3505271C}.Debug|Any CPU.ActiveCfg = Debug|Any CPU
		{66E1FBC9-DDC3-4F27-B393-1E4F3505271C}.Debug|Any CPU.Build.0 = Debug|Any CPU
		{66E1FBC9-DDC3-4F27-B393-1E4F3505271C}.Release|Any CPU.ActiveCfg = Release|Any CPU
		{66E1FBC9-DDC3-4F27-B393-1E4F3505271C}.Release|Any CPU.Build.0 = Release|Any CPU
	EndGlobalSection
	GlobalSection(SolutionProperties) = preSolution
		HideSolutionNode = FALSE
	EndGlobalSection
	GlobalSection(ExtensibilityGlobals) = postSolution
		SolutionGuid = {D8981816-6CAF-455E-82AF-79A6E6C5ADCE}
	EndGlobalSection
EndGlobal
