
Microsoft Visual Studio Solution File, Format Version 12.00
# Visual Studio Version 16
VisualStudioVersion = 16.0.31613.86
MinimumVisualStudioVersion = 10.0.40219.1
Project("{FAE04EC0-301F-11D3-BF4B-00C04F79EFBC}") = "Iterator", "Iterator\Iterator.csproj", "{C3A00DCB-5E61-4930-91CA-BC80C09A580F}"
EndProject
Global
	GlobalSection(SolutionConfigurationPlatforms) = preSolution
		Debug|Any CPU = Debug|Any CPU
		Release|Any CPU = Release|Any CPU
	EndGlobalSection
	GlobalSection(ProjectConfigurationPlatforms) = postSolution
		{C3A00DCB-5E61-4930-91CA-BC80C09A580F}.Debug|Any CPU.ActiveCfg = Debug|Any CPU
		{C3A00DCB-5E61-4930-91CA-BC80C09A580F}.Debug|Any CPU.Build.0 = Debug|Any CPU
		{C3A00DCB-5E61-4930-91CA-BC80C09A580F}.Release|Any CPU.ActiveCfg = Release|Any CPU
		{C3A00DCB-5E61-4930-91CA-BC80C09A580F}.Release|Any CPU.Build.0 = Release|Any CPU
	EndGlobalSection
	GlobalSection(SolutionProperties) = preSolution
		HideSolutionNode = FALSE
	EndGlobalSection
	GlobalSection(ExtensibilityGlobals) = postSolution
		SolutionGuid = {D8981816-6CAF-455E-82AF-79A6E6C5ADCE}
	EndGlobalSection
EndGlobal
